
Microsoft Visual Studio Solution File, Format Version 12.00
# Visual Studio Version 16
VisualStudioVersion = 16.0.31613.86
MinimumVisualStudioVersion = 10.0.40219.1
Project("{FAE04EC0-301F-11D3-BF4B-00C04F79EFBC}") = "demoapp", "demoapp\demoapp.csproj", "{30B8BE05-ECD2-4CE3-84BB-3480B04D4C19}"
EndProject
Global
	GlobalSection(SolutionConfigurationPlatforms) = preSolution
		Debug|Any CPU = Debug|Any CPU
		Release|Any CPU = Release|Any CPU
	EndGlobalSection
	GlobalSection(ProjectConfigurationPlatforms) = postSolution
		{30B8BE05-ECD2-4CE3-84BB-3480B04D4C19}.Debug|Any CPU.ActiveCfg = Debug|Any CPU
		{30B8BE05-ECD2-4CE3-84BB-3480B04D4C19}.Debug|Any CPU.Build.0 = Debug|Any CPU
		{30B8BE05-ECD2-4CE3-84BB-3480B04D4C19}.Release|Any CPU.ActiveCfg = Release|Any CPU
		{30B8BE05-ECD2-4CE3-84BB-3480B04D4C19}.Release|Any CPU.Build.0 = Release|Any CPU
	EndGlobalSection
	GlobalSection(SolutionProperties) = preSolution
		HideSolutionNode = FALSE
	EndGlobalSection
	GlobalSection(ExtensibilityGlobals) = postSolution
		SolutionGuid = {88911D82-0525-417B-96BE-CB53E5D7112A}
	EndGlobalSection
EndGlobal
